// !$*UTF8*$!
{
	archiveVersion = 1;
	classes = {
	};
	objectVersion = 55;
	objects = {

/* Begin PBXBuildFile section */
		847FB519289A854D000BDB50 /* AppDelegate.swift in Sources */ = {isa = PBXBuildFile; fileRef = 847FB518289A854D000BDB50 /* AppDelegate.swift */; };
		847FB51B289A854D000BDB50 /* SceneDelegate.swift in Sources */ = {isa = PBXBuildFile; fileRef = 847FB51A289A854D000BDB50 /* SceneDelegate.swift */; };
		847FB51D289A854D000BDB50 /* HomeVC.swift in Sources */ = {isa = PBXBuildFile; fileRef = 847FB51C289A854D000BDB50 /* HomeVC.swift */; };
		847FB520289A854D000BDB50 /* Main.storyboard in Resources */ = {isa = PBXBuildFile; fileRef = 847FB51E289A854D000BDB50 /* Main.storyboard */; };
		847FB522289A854E000BDB50 /* Assets.xcassets in Resources */ = {isa = PBXBuildFile; fileRef = 847FB521289A854E000BDB50 /* Assets.xcassets */; };
		847FB525289A854E000BDB50 /* LaunchScreen.storyboard in Resources */ = {isa = PBXBuildFile; fileRef = 847FB523289A854E000BDB50 /* LaunchScreen.storyboard */; };
		847FB52D289A8DD6000BDB50 /* ColorAssets.xcassets in Resources */ = {isa = PBXBuildFile; fileRef = 847FB52C289A8DD6000BDB50 /* ColorAssets.xcassets */; };
		847FB52F289A8EF8000BDB50 /* ColorAssets.swift in Sources */ = {isa = PBXBuildFile; fileRef = 847FB52E289A8EF8000BDB50 /* ColorAssets.swift */; };
		847FB531289A99FC000BDB50 /* HomeView.swift in Sources */ = {isa = PBXBuildFile; fileRef = 847FB530289A99FC000BDB50 /* HomeView.swift */; };
		849B3880289AE755007BAF4A /* CollectionViewCell.swift in Sources */ = {isa = PBXBuildFile; fileRef = 849B387F289AE755007BAF4A /* CollectionViewCell.swift */; };
		849B3882289AF441007BAF4A /* BaseVC.swift in Sources */ = {isa = PBXBuildFile; fileRef = 849B3881289AF441007BAF4A /* BaseVC.swift */; };
		849B3884289AF4E7007BAF4A /* CartVC.swift in Sources */ = {isa = PBXBuildFile; fileRef = 849B3883289AF4E7007BAF4A /* CartVC.swift */; };
		849B3886289AF507007BAF4A /* IteamDetailsVC.swift in Sources */ = {isa = PBXBuildFile; fileRef = 849B3885289AF507007BAF4A /* IteamDetailsVC.swift */; };
		849B3888289AF51A007BAF4A /* ProfileVC.swift in Sources */ = {isa = PBXBuildFile; fileRef = 849B3887289AF51A007BAF4A /* ProfileVC.swift */; };
/* End PBXBuildFile section */

/* Begin PBXFileReference section */
		847FB515289A854D000BDB50 /* Shopping App.app */ = {isa = PBXFileReference; explicitFileType = wrapper.application; includeInIndex = 0; path = "Shopping App.app"; sourceTree = BUILT_PRODUCTS_DIR; };
		847FB518289A854D000BDB50 /* AppDelegate.swift */ = {isa = PBXFileReference; lastKnownFileType = sourcecode.swift; path = AppDelegate.swift; sourceTree = "<group>"; };
		847FB51A289A854D000BDB50 /* SceneDelegate.swift */ = {isa = PBXFileReference; lastKnownFileType = sourcecode.swift; path = SceneDelegate.swift; sourceTree = "<group>"; };
		847FB51C289A854D000BDB50 /* HomeVC.swift */ = {isa = PBXFileReference; lastKnownFileType = sourcecode.swift; path = HomeVC.swift; sourceTree = "<group>"; };
		847FB51F289A854D000BDB50 /* Base */ = {isa = PBXFileReference; lastKnownFileType = file.storyboard; name = Base; path = Base.lproj/Main.storyboard; sourceTree = "<group>"; };
		847FB521289A854E000BDB50 /* Assets.xcassets */ = {isa = PBXFileReference; lastKnownFileType = folder.assetcatalog; path = Assets.xcassets; sourceTree = "<group>"; };
		847FB524289A854E000BDB50 /* Base */ = {isa = PBXFileReference; lastKnownFileType = file.storyboard; name = Base; path = Base.lproj/LaunchScreen.storyboard; sourceTree = "<group>"; };
		847FB526289A854E000BDB50 /* Info.plist */ = {isa = PBXFileReference; lastKnownFileType = text.plist.xml; path = Info.plist; sourceTree = "<group>"; };
		847FB52C289A8DD6000BDB50 /* ColorAssets.xcassets */ = {isa = PBXFileReference; lastKnownFileType = folder.assetcatalog; path = ColorAssets.xcassets; sourceTree = "<group>"; };
		847FB52E289A8EF8000BDB50 /* ColorAssets.swift */ = {isa = PBXFileReference; lastKnownFileType = sourcecode.swift; path = ColorAssets.swift; sourceTree = "<group>"; };
		847FB530289A99FC000BDB50 /* HomeView.swift */ = {isa = PBXFileReference; lastKnownFileType = sourcecode.swift; path = HomeView.swift; sourceTree = "<group>"; };
		847FB532289AA081000BDB50 /* Inter-Regular.otf */ = {isa = PBXFileReference; lastKnownFileType = file; path = "Inter-Regular.otf"; sourceTree = "<group>"; };
		847FB533289AD5EE000BDB50 /* Inter-SemiBold.otf */ = {isa = PBXFileReference; lastKnownFileType = file; path = "Inter-SemiBold.otf"; sourceTree = "<group>"; };
		849B387F289AE755007BAF4A /* CollectionViewCell.swift */ = {isa = PBXFileReference; lastKnownFileType = sourcecode.swift; path = CollectionViewCell.swift; sourceTree = "<group>"; };
		849B3881289AF441007BAF4A /* BaseVC.swift */ = {isa = PBXFileReference; lastKnownFileType = sourcecode.swift; path = BaseVC.swift; sourceTree = "<group>"; };
		849B3883289AF4E7007BAF4A /* CartVC.swift */ = {isa = PBXFileReference; lastKnownFileType = sourcecode.swift; path = CartVC.swift; sourceTree = "<group>"; };
		849B3885289AF507007BAF4A /* IteamDetailsVC.swift */ = {isa = PBXFileReference; lastKnownFileType = sourcecode.swift; path = IteamDetailsVC.swift; sourceTree = "<group>"; };
		849B3887289AF51A007BAF4A /* ProfileVC.swift */ = {isa = PBXFileReference; lastKnownFileType = sourcecode.swift; path = ProfileVC.swift; sourceTree = "<group>"; };
/* End PBXFileReference section */

/* Begin PBXFrameworksBuildPhase section */
		847FB512289A854D000BDB50 /* Frameworks */ = {
			isa = PBXFrameworksBuildPhase;
			buildActionMask = 2147483647;
			files = (
			);
			runOnlyForDeploymentPostprocessing = 0;
		};
/* End PBXFrameworksBuildPhase section */

/* Begin PBXGroup section */
		847FB50C289A854D000BDB50 = {
			isa = PBXGroup;
			children = (
				847FB517289A854D000BDB50 /* Shopping App */,
				849B388D289AF6DB007BAF4A /* Storyboard */,
				847FB516289A854D000BDB50 /* Products */,
			);
			sourceTree = "<group>";
		};
		847FB516289A854D000BDB50 /* Products */ = {
			isa = PBXGroup;
			children = (
				847FB515289A854D000BDB50 /* Shopping App.app */,
			);
			name = Products;
			sourceTree = "<group>";
		};
		847FB517289A854D000BDB50 /* Shopping App */ = {
			isa = PBXGroup;
			children = (
				849B3889289AF611007BAF4A /* AppDelegate */,
				849B388C289AF6C3007BAF4A /* BaseVC */,
				849B388A289AF632007BAF4A /* Home */,
				849B388F289AF709007BAF4A /* IteamDetails */,
				849B388E289AF700007BAF4A /* Cart */,
				849B3890289AF730007BAF4A /* Profile */,
				849B3891289AF754007BAF4A /* CustomFont */,
				849B388B289AF69F007BAF4A /* AppUtility */,
			);
			path = "Shopping App";
			sourceTree = "<group>";
		};
		849B3889289AF611007BAF4A /* AppDelegate */ = {
			isa = PBXGroup;
			children = (
				847FB518289A854D000BDB50 /* AppDelegate.swift */,
				847FB51A289A854D000BDB50 /* SceneDelegate.swift */,
				847FB526289A854E000BDB50 /* Info.plist */,
			);
			path = AppDelegate;
			sourceTree = "<group>";
		};
		849B388A289AF632007BAF4A /* Home */ = {
			isa = PBXGroup;
			children = (
				847FB530289A99FC000BDB50 /* HomeView.swift */,
				847FB51C289A854D000BDB50 /* HomeVC.swift */,
				849B387F289AE755007BAF4A /* CollectionViewCell.swift */,
			);
			path = Home;
			sourceTree = "<group>";
		};
		849B388B289AF69F007BAF4A /* AppUtility */ = {
			isa = PBXGroup;
			children = (
				847FB52E289A8EF8000BDB50 /* ColorAssets.swift */,
				847FB52C289A8DD6000BDB50 /* ColorAssets.xcassets */,
				847FB521289A854E000BDB50 /* Assets.xcassets */,
			);
			path = AppUtility;
			sourceTree = "<group>";
		};
		849B388C289AF6C3007BAF4A /* BaseVC */ = {
			isa = PBXGroup;
			children = (
				849B3881289AF441007BAF4A /* BaseVC.swift */,
			);
			path = BaseVC;
			sourceTree = "<group>";
		};
		849B388D289AF6DB007BAF4A /* Storyboard */ = {
			isa = PBXGroup;
			children = (
				847FB523289A854E000BDB50 /* LaunchScreen.storyboard */,
				847FB51E289A854D000BDB50 /* Main.storyboard */,
			);
			path = Storyboard;
			sourceTree = "<group>";
		};
		849B388E289AF700007BAF4A /* Cart */ = {
			isa = PBXGroup;
			children = (
				849B3883289AF4E7007BAF4A /* CartVC.swift */,
			);
			path = Cart;
			sourceTree = "<group>";
		};
		849B388F289AF709007BAF4A /* IteamDetails */ = {
			isa = PBXGroup;
			children = (
				849B3885289AF507007BAF4A /* IteamDetailsVC.swift */,
			);
			path = IteamDetails;
			sourceTree = "<group>";
		};
		849B3890289AF730007BAF4A /* Profile */ = {
			isa = PBXGroup;
			children = (
				849B3887289AF51A007BAF4A /* ProfileVC.swift */,
			);
			path = Profile;
			sourceTree = "<group>";
		};
		849B3891289AF754007BAF4A /* CustomFont */ = {
			isa = PBXGroup;
			children = (
				847FB532289AA081000BDB50 /* Inter-Regular.otf */,
				847FB533289AD5EE000BDB50 /* Inter-SemiBold.otf */,
			);
			path = CustomFont;
			sourceTree = "<group>";
		};
/* End PBXGroup section */

/* Begin PBXNativeTarget section */
		847FB514289A854D000BDB50 /* Shopping App */ = {
			isa = PBXNativeTarget;
			buildConfigurationList = 847FB529289A854E000BDB50 /* Build configuration list for PBXNativeTarget "Shopping App" */;
			buildPhases = (
				847FB511289A854D000BDB50 /* Sources */,
				847FB512289A854D000BDB50 /* Frameworks */,
				847FB513289A854D000BDB50 /* Resources */,
			);
			buildRules = (
			);
			dependencies = (
			);
			name = "Shopping App";
			productName = "Shopping App";
			productReference = 847FB515289A854D000BDB50 /* Shopping App.app */;
			productType = "com.apple.product-type.application";
		};
/* End PBXNativeTarget section */

/* Begin PBXProject section */
		847FB50D289A854D000BDB50 /* Project object */ = {
			isa = PBXProject;
			attributes = {
				BuildIndependentTargetsInParallel = 1;
				LastSwiftUpdateCheck = 1340;
				LastUpgradeCheck = 1340;
				TargetAttributes = {
					847FB514289A854D000BDB50 = {
						CreatedOnToolsVersion = 13.4.1;
					};
				};
			};
			buildConfigurationList = 847FB510289A854D000BDB50 /* Build configuration list for PBXProject "Shopping App" */;
			compatibilityVersion = "Xcode 13.0";
			developmentRegion = en;
			hasScannedForEncodings = 0;
			knownRegions = (
				en,
				Base,
			);
			mainGroup = 847FB50C289A854D000BDB50;
			productRefGroup = 847FB516289A854D000BDB50 /* Products */;
			projectDirPath = "";
			projectRoot = "";
			targets = (
				847FB514289A854D000BDB50 /* Shopping App */,
			);
		};
/* End PBXProject section */

/* Begin PBXResourcesBuildPhase section */
		847FB513289A854D000BDB50 /* Resources */ = {
			isa = PBXResourcesBuildPhase;
			buildActionMask = 2147483647;
			files = (
				847FB525289A854E000BDB50 /* LaunchScreen.storyboard in Resources */,
				847FB522289A854E000BDB50 /* Assets.xcassets in Resources */,
				847FB52D289A8DD6000BDB50 /* ColorAssets.xcassets in Resources */,
				847FB520289A854D000BDB50 /* Main.storyboard in Resources */,
			);
			runOnlyForDeploymentPostprocessing = 0;
		};
/* End PBXResourcesBuildPhase section */

/* Begin PBXSourcesBuildPhase section */
		847FB511289A854D000BDB50 /* Sources */ = {
			isa = PBXSourcesBuildPhase;
			buildActionMask = 2147483647;
			files = (
				849B3888289AF51A007BAF4A /* ProfileVC.swift in Sources */,
				847FB51D289A854D000BDB50 /* HomeVC.swift in Sources */,
				849B3886289AF507007BAF4A /* IteamDetailsVC.swift in Sources */,
				847FB519289A854D000BDB50 /* AppDelegate.swift in Sources */,
				849B3884289AF4E7007BAF4A /* CartVC.swift in Sources */,
				849B3880289AE755007BAF4A /* CollectionViewCell.swift in Sources */,
				847FB52F289A8EF8000BDB50 /* ColorAssets.swift in Sources */,
				849B3882289AF441007BAF4A /* BaseVC.swift in Sources */,
				847FB531289A99FC000BDB50 /* HomeView.swift in Sources */,
				847FB51B289A854D000BDB50 /* SceneDelegate.swift in Sources */,
			);
			runOnlyForDeploymentPostprocessing = 0;
		};
/* End PBXSourcesBuildPhase section */

/* Begin PBXVariantGroup section */
		847FB51E289A854D000BDB50 /* Main.storyboard */ = {
			isa = PBXVariantGroup;
			children = (
				847FB51F289A854D000BDB50 /* Base */,
			);
			name = Main.storyboard;
			sourceTree = "<group>";
		};
		847FB523289A854E000BDB50 /* LaunchScreen.storyboard */ = {
			isa = PBXVariantGroup;
			children = (
				847FB524289A854E000BDB50 /* Base */,
			);
			name = LaunchScreen.storyboard;
			sourceTree = "<group>";
		};
/* End PBXVariantGroup section */

/* Begin XCBuildConfiguration section */
		847FB527289A854E000BDB50 /* Debug */ = {
			isa = XCBuildConfiguration;
			buildSettings = {
				ALWAYS_SEARCH_USER_PATHS = NO;
				CLANG_ANALYZER_NONNULL = YES;
				CLANG_ANALYZER_NUMBER_OBJECT_CONVERSION = YES_AGGRESSIVE;
				CLANG_CXX_LANGUAGE_STANDARD = "gnu++17";
				CLANG_ENABLE_MODULES = YES;
				CLANG_ENABLE_OBJC_ARC = YES;
				CLANG_ENABLE_OBJC_WEAK = YES;
				CLANG_WARN_BLOCK_CAPTURE_AUTORELEASING = YES;
				CLANG_WARN_BOOL_CONVERSION = YES;
				CLANG_WARN_COMMA = YES;
				CLANG_WARN_CONSTANT_CONVERSION = YES;
				CLANG_WARN_DEPRECATED_OBJC_IMPLEMENTATIONS = YES;
				CLANG_WARN_DIRECT_OBJC_ISA_USAGE = YES_ERROR;
				CLANG_WARN_DOCUMENTATION_COMMENTS = YES;
				CLANG_WARN_EMPTY_BODY = YES;
				CLANG_WARN_ENUM_CONVERSION = YES;
				CLANG_WARN_INFINITE_RECURSION = YES;
				CLANG_WARN_INT_CONVERSION = YES;
				CLANG_WARN_NON_LITERAL_NULL_CONVERSION = YES;
				CLANG_WARN_OBJC_IMPLICIT_RETAIN_SELF = YES;
				CLANG_WARN_OBJC_LITERAL_CONVERSION = YES;
				CLANG_WARN_OBJC_ROOT_CLASS = YES_ERROR;
				CLANG_WARN_QUOTED_INCLUDE_IN_FRAMEWORK_HEADER = YES;
				CLANG_WARN_RANGE_LOOP_ANALYSIS = YES;
				CLANG_WARN_STRICT_PROTOTYPES = YES;
				CLANG_WARN_SUSPICIOUS_MOVE = YES;
				CLANG_WARN_UNGUARDED_AVAILABILITY = YES_AGGRESSIVE;
				CLANG_WARN_UNREACHABLE_CODE = YES;
				CLANG_WARN__DUPLICATE_METHOD_MATCH = YES;
				COPY_PHASE_STRIP = NO;
				DEBUG_INFORMATION_FORMAT = dwarf;
				ENABLE_STRICT_OBJC_MSGSEND = YES;
				ENABLE_TESTABILITY = YES;
				GCC_C_LANGUAGE_STANDARD = gnu11;
				GCC_DYNAMIC_NO_PIC = NO;
				GCC_NO_COMMON_BLOCKS = YES;
				GCC_OPTIMIZATION_LEVEL = 0;
				GCC_PREPROCESSOR_DEFINITIONS = (
					"DEBUG=1",
					"$(inherited)",
				);
				GCC_WARN_64_TO_32_BIT_CONVERSION = YES;
				GCC_WARN_ABOUT_RETURN_TYPE = YES_ERROR;
				GCC_WARN_UNDECLARED_SELECTOR = YES;
				GCC_WARN_UNINITIALIZED_AUTOS = YES_AGGRESSIVE;
				GCC_WARN_UNUSED_FUNCTION = YES;
				GCC_WARN_UNUSED_VARIABLE = YES;
				IPHONEOS_DEPLOYMENT_TARGET = 15.5;
				MTL_ENABLE_DEBUG_INFO = INCLUDE_SOURCE;
				MTL_FAST_MATH = YES;
				ONLY_ACTIVE_ARCH = YES;
				SDKROOT = iphoneos;
				SWIFT_ACTIVE_COMPILATION_CONDITIONS = DEBUG;
				SWIFT_OPTIMIZATION_LEVEL = "-Onone";
			};
			name = Debug;
		};
		847FB528289A854E000BDB50 /* Release */ = {
			isa = XCBuildConfiguration;
			buildSettings = {
				ALWAYS_SEARCH_USER_PATHS = NO;
				CLANG_ANALYZER_NONNULL = YES;
				CLANG_ANALYZER_NUMBER_OBJECT_CONVERSION = YES_AGGRESSIVE;
				CLANG_CXX_LANGUAGE_STANDARD = "gnu++17";
				CLANG_ENABLE_MODULES = YES;
				CLANG_ENABLE_OBJC_ARC = YES;
				CLANG_ENABLE_OBJC_WEAK = YES;
				CLANG_WARN_BLOCK_CAPTURE_AUTORELEASING = YES;
				CLANG_WARN_BOOL_CONVERSION = YES;
				CLANG_WARN_COMMA = YES;
				CLANG_WARN_CONSTANT_CONVERSION = YES;
				CLANG_WARN_DEPRECATED_OBJC_IMPLEMENTATIONS = YES;
				CLANG_WARN_DIRECT_OBJC_ISA_USAGE = YES_ERROR;
				CLANG_WARN_DOCUMENTATION_COMMENTS = YES;
				CLANG_WARN_EMPTY_BODY = YES;
				CLANG_WARN_ENUM_CONVERSION = YES;
				CLANG_WARN_INFINITE_RECURSION = YES;
				CLANG_WARN_INT_CONVERSION = YES;
				CLANG_WARN_NON_LITERAL_NULL_CONVERSION = YES;
				CLANG_WARN_OBJC_IMPLICIT_RETAIN_SELF = YES;
				CLANG_WARN_OBJC_LITERAL_CONVERSION = YES;
				CLANG_WARN_OBJC_ROOT_CLASS = YES_ERROR;
				CLANG_WARN_QUOTED_INCLUDE_IN_FRAMEWORK_HEADER = YES;
				CLANG_WARN_RANGE_LOOP_ANALYSIS = YES;
				CLANG_WARN_STRICT_PROTOTYPES = YES;
				CLANG_WARN_SUSPICIOUS_MOVE = YES;
				CLANG_WARN_UNGUARDED_AVAILABILITY = YES_AGGRESSIVE;
				CLANG_WARN_UNREACHABLE_CODE = YES;
				CLANG_WARN__DUPLICATE_METHOD_MATCH = YES;
				COPY_PHASE_STRIP = NO;
				DEBUG_INFORMATION_FORMAT = "dwarf-with-dsym";
				ENABLE_NS_ASSERTIONS = NO;
				ENABLE_STRICT_OBJC_MSGSEND = YES;
				GCC_C_LANGUAGE_STANDARD = gnu11;
				GCC_NO_COMMON_BLOCKS = YES;
				GCC_WARN_64_TO_32_BIT_CONVERSION = YES;
				GCC_WARN_ABOUT_RETURN_TYPE = YES_ERROR;
				GCC_WARN_UNDECLARED_SELECTOR = YES;
				GCC_WARN_UNINITIALIZED_AUTOS = YES_AGGRESSIVE;
				GCC_WARN_UNUSED_FUNCTION = YES;
				GCC_WARN_UNUSED_VARIABLE = YES;
				IPHONEOS_DEPLOYMENT_TARGET = 15.5;
				MTL_ENABLE_DEBUG_INFO = NO;
				MTL_FAST_MATH = YES;
				SDKROOT = iphoneos;
				SWIFT_COMPILATION_MODE = wholemodule;
				SWIFT_OPTIMIZATION_LEVEL = "-O";
				VALIDATE_PRODUCT = YES;
			};
			name = Release;
		};
		847FB52A289A854E000BDB50 /* Debug */ = {
			isa = XCBuildConfiguration;
			buildSettings = {
				ASSETCATALOG_COMPILER_APPICON_NAME = AppIcon;
				ASSETCATALOG_COMPILER_GLOBAL_ACCENT_COLOR_NAME = AccentColor;
				CODE_SIGN_STYLE = Automatic;
				CURRENT_PROJECT_VERSION = 1;
				GENERATE_INFOPLIST_FILE = YES;
				INFOPLIST_FILE = "Shopping App/Info.plist";
				INFOPLIST_KEY_UIApplicationSupportsIndirectInputEvents = YES;
				INFOPLIST_KEY_UILaunchStoryboardName = LaunchScreen;
				INFOPLIST_KEY_UIMainStoryboardFile = Main;
				INFOPLIST_KEY_UISupportedInterfaceOrientations_iPad = "UIInterfaceOrientationPortrait UIInterfaceOrientationPortraitUpsideDown UIInterfaceOrientationLandscapeLeft UIInterfaceOrientationLandscapeRight";
				INFOPLIST_KEY_UISupportedInterfaceOrientations_iPhone = "UIInterfaceOrientationPortrait UIInterfaceOrientationLandscapeLeft UIInterfaceOrientationLandscapeRight";
				LD_RUNPATH_SEARCH_PATHS = (
					"$(inherited)",
					"@executable_path/Frameworks",
				);
				MARKETING_VERSION = 1.0;
				PRODUCT_BUNDLE_IDENTIFIER = "Nitish.Shopping-App";
				PRODUCT_NAME = "$(TARGET_NAME)";
				SWIFT_EMIT_LOC_STRINGS = YES;
				SWIFT_VERSION = 5.0;
				TARGETED_DEVICE_FAMILY = "1,2";
			};
			name = Debug;
		};
		847FB52B289A854E000BDB50 /* Release */ = {
			isa = XCBuildConfiguration;
			buildSettings = {
				ASSETCATALOG_COMPILER_APPICON_NAME = AppIcon;
				ASSETCATALOG_COMPILER_GLOBAL_ACCENT_COLOR_NAME = AccentColor;
				CODE_SIGN_STYLE = Automatic;
				CURRENT_PROJECT_VERSION = 1;
				GENERATE_INFOPLIST_FILE = YES;
				INFOPLIST_FILE = "Shopping App/Info.plist";
				INFOPLIST_KEY_UIApplicationSupportsIndirectInputEvents = YES;
				INFOPLIST_KEY_UILaunchStoryboardName = LaunchScreen;
				INFOPLIST_KEY_UIMainStoryboardFile = Main;
				INFOPLIST_KEY_UISupportedInterfaceOrientations_iPad = "UIInterfaceOrientationPortrait UIInterfaceOrientationPortraitUpsideDown UIInterfaceOrientationLandscapeLeft UIInterfaceOrientationLandscapeRight";
				INFOPLIST_KEY_UISupportedInterfaceOrientations_iPhone = "UIInterfaceOrientationPortrait UIInterfaceOrientationLandscapeLeft UIInterfaceOrientationLandscapeRight";
				LD_RUNPATH_SEARCH_PATHS = (
					"$(inherited)",
					"@executable_path/Frameworks",
				);
				MARKETING_VERSION = 1.0;
				PRODUCT_BUNDLE_IDENTIFIER = "Nitish.Shopping-App";
				PRODUCT_NAME = "$(TARGET_NAME)";
				SWIFT_EMIT_LOC_STRINGS = YES;
				SWIFT_VERSION = 5.0;
				TARGETED_DEVICE_FAMILY = "1,2";
			};
			name = Release;
		};
/* End XCBuildConfiguration section */

/* Begin XCConfigurationList section */
		847FB510289A854D000BDB50 /* Build configuration list for PBXProject "Shopping App" */ = {
			isa = XCConfigurationList;
			buildConfigurations = (
				847FB527289A854E000BDB50 /* Debug */,
				847FB528289A854E000BDB50 /* Release */,
			);
			defaultConfigurationIsVisible = 0;
			defaultConfigurationName = Release;
		};
		847FB529289A854E000BDB50 /* Build configuration list for PBXNativeTarget "Shopping App" */ = {
			isa = XCConfigurationList;
			buildConfigurations = (
				847FB52A289A854E000BDB50 /* Debug */,
				847FB52B289A854E000BDB50 /* Release */,
			);
			defaultConfigurationIsVisible = 0;
			defaultConfigurationName = Release;
		};
/* End XCConfigurationList section */
	};
	rootObject = 847FB50D289A854D000BDB50 /* Project object */;
}
